
Microsoft Visual Studio Solution File, Format Version 12.00
# Visual Studio Version 17
VisualStudioVersion = 17.6.33829.357
MinimumVisualStudioVersion = 10.0.40219.1
Project("{FAE04EC0-301F-11D3-BF4B-00C04F79EFBC}") = "PhonePlayer", "PhonePlayer\PhonePlayer.csproj", "{209539D2-6CA0-4BAB-9C4E-2A1F506C5BAD}"
EndProject
Global
	GlobalSection(SolutionConfigurationPlatforms) = preSolution
		Debug|Any CPU = Debug|Any CPU
		Release|Any CPU = Release|Any CPU
	EndGlobalSection
	GlobalSection(ProjectConfigurationPlatforms) = postSolution
		{209539D2-6CA0-4BAB-9C4E-2A1F506C5BAD}.Debug|Any CPU.ActiveCfg = Debug|Any CPU
		{209539D2-6CA0-4BAB-9C4E-2A1F506C5BAD}.Debug|Any CPU.Build.0 = Debug|Any CPU
		{209539D2-6CA0-4BAB-9C4E-2A1F506C5BAD}.Release|Any CPU.ActiveCfg = Release|Any CPU
		{209539D2-6CA0-4BAB-9C4E-2A1F506C5BAD}.Release|Any CPU.Build.0 = Release|Any CPU
	EndGlobalSection
	GlobalSection(SolutionProperties) = preSolution
		HideSolutionNode = FALSE
	EndGlobalSection
	GlobalSection(ExtensibilityGlobals) = postSolution
		SolutionGuid = {551CBADC-EE4A-40E1-9DC7-839B0BBD498F}
	EndGlobalSection
EndGlobal
